
Microsoft Visual Studio Solution File, Format Version 12.00
# Visual Studio Version 17
VisualStudioVersion = 17.5.33424.131
MinimumVisualStudioVersion = 10.0.40219.1
Project("{8BC9CEB8-8B4A-11D0-8D11-00A0C91BC942}") = "prototypev5", "prototypev5\prototypev5.vcxproj", "{706715C6-F453-47A3-A0CD-62DD40DA63E1}"
EndProject
Global
	GlobalSection(SolutionConfigurationPlatforms) = preSolution
		Debug|x64 = Debug|x64
		Debug|x86 = Debug|x86
		Release|x64 = Release|x64
		Release|x86 = Release|x86
	EndGlobalSection
	GlobalSection(ProjectConfigurationPlatforms) = postSolution
		{706715C6-F453-47A3-A0CD-62DD40DA63E1}.Debug|x64.ActiveCfg = Debug|x64
		{706715C6-F453-47A3-A0CD-62DD40DA63E1}.Debug|x64.Build.0 = Debug|x64
		{706715C6-F453-47A3-A0CD-62DD40DA63E1}.Debug|x86.ActiveCfg = Debug|Win32
		{706715C6-F453-47A3-A0CD-62DD40DA63E1}.Debug|x86.Build.0 = Debug|Win32
		{706715C6-F453-47A3-A0CD-62DD40DA63E1}.Release|x64.ActiveCfg = Release|x64
		{706715C6-F453-47A3-A0CD-62DD40DA63E1}.Release|x64.Build.0 = Release|x64
		{706715C6-F453-47A3-A0CD-62DD40DA63E1}.Release|x86.ActiveCfg = Release|Win32
		{706715C6-F453-47A3-A0CD-62DD40DA63E1}.Release|x86.Build.0 = Release|Win32
	EndGlobalSection
	GlobalSection(SolutionProperties) = preSolution
		HideSolutionNode = FALSE
	EndGlobalSection
	GlobalSection(ExtensibilityGlobals) = postSolution
		SolutionGuid = {C9B7C34C-D106-4D04-BA64-4AB168FA6C72}
	EndGlobalSection
EndGlobal
